
Microsoft Visual Studio Solution File, Format Version 12.00
# Visual Studio Version 17
VisualStudioVersion = 17.5.001.0
MinimumVisualStudioVersion = 10.0.40219.1
Project("{9A19103F-16F7-4668-BE54-9A1E7A4F7556}") = "ThrownForALoop", "ThrownForALoop.csproj", "{3C7B44EC-1119-494E-9A9F-0969D6AFA428}"
EndProject
Global
	GlobalSection(SolutionConfigurationPlatforms) = preSolution
		Debug|Any CPU = Debug|Any CPU
		Release|Any CPU = Release|Any CPU
	EndGlobalSection
	GlobalSection(ProjectConfigurationPlatforms) = postSolution
		{3C7B44EC-1119-494E-9A9F-0969D6AFA428}.Debug|Any CPU.ActiveCfg = Debug|Any CPU
		{3C7B44EC-1119-494E-9A9F-0969D6AFA428}.Debug|Any CPU.Build.0 = Debug|Any CPU
		{3C7B44EC-1119-494E-9A9F-0969D6AFA428}.Release|Any CPU.ActiveCfg = Release|Any CPU
		{3C7B44EC-1119-494E-9A9F-0969D6AFA428}.Release|Any CPU.Build.0 = Release|Any CPU
	EndGlobalSection
	GlobalSection(SolutionProperties) = preSolution
		HideSolutionNode = FALSE
	EndGlobalSection
	GlobalSection(ExtensibilityGlobals) = postSolution
		SolutionGuid = {FBD38904-B6D8-4071-9A0F-3E80D607A53A}
	EndGlobalSection
EndGlobal
